version = 1
revision = 3
requires-python = ">=3.14"

[[package]]
name = "click"
version = "8.1.8"
source = { registry = "https://pypi.org/simple" }
dependencies = [
    { name = "colorama", marker = "sys_platform == 'win32'" },
]
sdist = { url = "https://files.pythonhosted.org/packages/b9/2e/0090cbf739cee7d23781ad4b89a9894a41538e4fcf4c31dcdd705b78eb8b/click-8.1.8.tar.gz", hash = "sha256:ed53c9d8990d83c2a27deae68e4ee337473f6330c040a31d4225c9574d16096a", size = 226593, upload-time = "2024-12-21T18:38:44.339Z" }
wheels = [
    { url = "https://files.pythonhosted.org/packages/7e/d4/7ebdbd03970677812aac39c869717059dbb71a4cfc033ca6e5221787892c/click-8.1.8-py3-none-any.whl", hash = "sha256:63c132bbbed01578a06712a2d1f497bb62d9c1c0d329b7903a866228027263b2", size = 98188, upload-time = "2024-12-21T18:38:41.666Z" },
]

[[package]]
name = "colorama"
version = "0.4.6"
source = { registry = "https://pypi.org/simple" }
sdist = { url = "https://files.pythonhosted.org/packages/d8/53/6f443c9a4a8358a93a6792e2acffb9d9d5cb0a5cfd8802644b7b1c9a02e4/colorama-0.4.6.tar.gz", hash = "sha256:08695f5cb7ed6e0531a20572697297273c47b8cae5a63ffc6d6ed5c201be6e44", size = 27697, upload-time = "2022-10-25T02:36:22.414Z" }
wheels = [
    { url = "https://files.pythonhosted.org/packages/d1/d6/3965ed04c63042e047cb6a3e6ed1a63a35087b6a609aa3a15ed8ac56c221/colorama-0.4.6-py2.py3-none-any.whl", hash = "sha256:4f1d9991f5acc0ca119f9d443620b77f9d6b33703e51011c16baf57afb285fc6", size = 25335, upload-time = "2022-10-25T02:36:20.889Z" },
]

[[package]]
name = "conan-center-lint-patches"
version = "0.1.0"
source = { virtual = "." }
dependencies = [
    { name = "pyyaml" },
]

[package.dev-dependencies]
dev = [
    { name = "pyre-check" },
    { name = "ruff" },
    { name = "ty" },
]

[package.metadata]
requires-dist = [{ name = "pyyaml", specifier = "==6.0.3" }]

[package.metadata.requires-dev]
dev = [
    { name = "pyre-check", specifier = "==0.9.25" },
    { name = "ruff", specifier = "==0.16.1" },
    { name = "ty", specifier = "==0.0.69" },
]

[[package]]
name = "dataclasses-json"
version = "0.5.7"
source = { registry = "https://pypi.org/simple" }
dependencies = [
    { name = "marshmallow" },
    { name = "marshmallow-enum" },
    { name = "typing-inspect" },
]
sdist = { url = "https://files.pythonhosted.org/packages/85/94/1b30216f84c48b9e0646833f6f2dd75f1169cc04dc45c48fe39e644c89d5/dataclasses-json-0.5.7.tar.gz", hash = "sha256:c2c11bc8214fbf709ffc369d11446ff6945254a7f09128154a7620613d8fda90", size = 30958, upload-time = "2022-03-21T14:49:46.685Z" }
wheels = [
    { url = "https://files.pythonhosted.org/packages/58/7e/2042610dfc8121e8119ad8b94db496d8697e4b0ef7a6e378018a2bd84435/dataclasses_json-0.5.7-py3-none-any.whl", hash = "sha256:bc285b5f892094c3a53d558858a88553dd6a61a11ab1a8128a0e554385dcc5dd", size = 25647, upload-time = "2022-03-21T14:49:40.344Z" },
]

[[package]]
name = "libcst"
version = "1.9.0"
source = { registry = "https://pypi.org/simple" }
dependencies = [
    { name = "pyyaml" },
]
sdist = { url = "https://files.pythonhosted.org/packages/02/c0/098e5c91ff1537f00c85a6438b6cb1863d17144680cc91f47c87f104a200/libcst-1.9.0.tar.gz", hash = "sha256:087b58a9afe076bb08e2d726478e1f16cb928d67ffa9092817e033c335de522a", size = 914739, upload-time = "2026-07-29T21:28:43.153Z" }
wheels = [
    { url = "https://files.pythonhosted.org/packages/65/2a/4943c71d90975bc59034a057dea346b365c276f308c1d31f5cf2bd85492d/libcst-1.9.0-cp314-cp314-macosx_11_0_arm64.whl", hash = "sha256:eccf4c57d273cdd3fe1c67b72cf9bb1bbd4547aa011824e96ccf5b7136057aa4", size = 2044529, upload-time = "2026-07-29T19:25:11.04Z" },
    { url = "https://files.pythonhosted.org/packages/be/ed/1168b98c2a0f338be3a44753647baab051feaf6167cc887bf4447f8fd920/libcst-1.9.0-cp314-cp314-manylinux_2_28_aarch64.whl", hash = "sha256:32395244edfe6538e0ea2bf82051d60103d3f54861274805c4fb3745efb70a85", size = 2203519, upload-time = "2026-07-29T19:25:12.543Z" },
    { url = "https://files.pythonhosted.org/packages/25/7d/2eaa697a80f899bcf2245680bbfcc1e478eb3b3328c21d4b2880bdf00dac/libcst-1.9.0-cp314-cp314-manylinux_2_28_x86_64.whl", hash = "sha256:444e84c76cd035cd2fe136838c1a524d34b08216521f6f5093df8a6f6cfa5799", size = 2255879, upload-time = "2026-07-29T19:25:14.137Z" },
    { url = "https://files.pythonhosted.org/packages/90/03/793b9fd96dd52d202f5f2b88d7e54f05ebed767d1bb3b32395a1817bf6ab/libcst-1.9.0-cp314-cp314-musllinux_1_2_aarch64.whl", hash = "sha256:bb5d0946f2b4c6711b5d69fe4f833b364f9e7a1a2b08f88b98619dc18975099a", size = 2269807, upload-time = "2026-07-29T19:25:15.647Z" },
    { url = "https://files.pythonhosted.org/packages/a3/f4/1bc7aaea03971c45e8a885fed9fc1c73176dbbd00b0296a3cde9529bafd6/libcst-1.9.0-cp314-cp314-musllinux_1_2_x86_64.whl", hash = "sha256:45808c03528b3ad40b14095348a918e08d98c47b4a125d631cb78e817c0a5b16", size = 2378171, upload-time = "2026-07-29T19:25:17.289Z" },
    { url = "https://files.pythonhosted.org/packages/8e/f7/bc49e367d2bc8817213594dd52cf6b2da2dbbda90b5382d60653999274ac/libcst-1.9.0-cp314-cp314-win_amd64.whl", hash = "sha256:568288cdbfe3b4ca3ae4852cb0a439ff053dd54c841bc4995bf2b71238b5de40", size = 2177847, upload-time = "2026-07-29T19:25:19.35Z" },
    { url = "https://files.pythonhosted.org/packages/87/80/4d81577a22e6d535d1a3409f3a1c6903e09036f0e17fc47f92169dbc3501/libcst-1.9.0-cp314-cp314-win_arm64.whl", hash = "sha256:107593af46945593e7825821793393262bc4fa1d3ea24c3ed487b61269bbbdf8", size = 2058134, upload-time = "2026-07-29T19:25:20.769Z" },
    { url = "https://files.pythonhosted.org/packages/d1/7f/c3f3a0e7a1a2adaa76e815e82a7814d6bfe7d49432276bba652248c68d0b/libcst-1.9.0-cp314-cp314t-macosx_11_0_arm64.whl", hash = "sha256:f6248cb07444ab9a6733a855737a9febed8b9adca51347019348b09a3ac7dfe9", size = 2036102, upload-time = "2026-07-29T19:25:22.212Z" },
    { url = "https://files.pythonhosted.org/packages/4e/af/2f5543255b2c7d749b966adeccc6bfb1652cf8b425afb913d0f3f025a865/libcst-1.9.0-cp314-cp314t-manylinux_2_28_aarch64.whl", hash = "sha256:496c24e0d3240bc7da45dae543aff3f5b6509978c39262d6b84ed2fb999dded2", size = 2194806, upload-time = "2026-07-29T19:25:24.017Z" },
    { url = "https://files.pythonhosted.org/packages/cb/5b/03f4cddce426d005e208b39ea7b2d456e667cdee0f1891360f0fc8430f20/libcst-1.9.0-cp314-cp314t-manylinux_2_28_x86_64.whl", hash = "sha256:ea490fa8540503db5f321f0268becab46eb50f710e8cec8041e241fd66f6874f", size = 2246762, upload-time = "2026-07-29T19:25:25.365Z" },
    { url = "https://files.pythonhosted.org/packages/d8/31/9d5fe1e43dc3dbcc74f70f3e0e73fcdd8d84effc1059d8b45974f0d0d2eb/libcst-1.9.0-cp314-cp314t-musllinux_1_2_aarch64.whl", hash = "sha256:50ab94bb2524b419056d4003032b8c67102ac800f8d85b3c4260a01746d94dbb", size = 2259633, upload-time = "2026-07-29T19:25:26.928Z" },
    { url = "https://files.pythonhosted.org/packages/a8/2b/6752b28d88c3a19b3bc0b9e1838443b6760d5c862b4f4b37955402659e24/libcst-1.9.0-cp314-cp314t-musllinux_1_2_x86_64.whl", hash = "sha256:a2faaf92500d0226358125630f5aab4758e8aad3f2d70a10892ec3c700781a54", size = 2368043, upload-time = "2026-07-29T19:25:28.344Z" },
    { url = "https://files.pythonhosted.org/packages/e2/94/775825b2637f8ab05694b6a4b3802ae6783b4e799f9b58d2400c7e2d4369/libcst-1.9.0-cp314-cp314t-win_amd64.whl", hash = "sha256:0c7b548512db25af9c2997a95fa731bd6b6928ecbad6c0915d7482d8bb42d34f", size = 2176432, upload-time = "2026-07-29T19:25:29.921Z" },
    { url = "https://files.pythonhosted.org/packages/fb/3d/88ad67427c6fd9db929e087912b0a540e5140e5cb77e7ca4170edaac8531/libcst-1.9.0-cp314-cp314t-win_arm64.whl", hash = "sha256:497d5329345f1f5df84e41b0bbd00204b64a2fd30dfe3cfaeaebca633a31e877", size = 2052931, upload-time = "2026-07-29T19:25:31.397Z" },
]

[[package]]
name = "marshmallow"
version = "3.26.2"
source = { registry = "https://pypi.org/simple" }
dependencies = [
    { name = "packaging" },
]
sdist = { url = "https://files.pythonhosted.org/packages/55/79/de6c16cc902f4fc372236926b0ce2ab7845268dcc30fb2fbb7f71b418631/marshmallow-3.26.2.tar.gz", hash = "sha256:bbe2adb5a03e6e3571b573f42527c6fe926e17467833660bebd11593ab8dfd57", size = 222095, upload-time = "2025-12-22T06:53:53.309Z" }
wheels = [
    { url = "https://files.pythonhosted.org/packages/be/2f/5108cb3ee4ba6501748c4908b908e55f42a5b66245b4cfe0c99326e1ef6e/marshmallow-3.26.2-py3-none-any.whl", hash = "sha256:013fa8a3c4c276c24d26d84ce934dc964e2aa794345a0f8c7e5a7191482c8a73", size = 50964, upload-time = "2025-12-22T06:53:51.801Z" },
]

[[package]]
name = "marshmallow-enum"
version = "1.5.1"
source = { registry = "https://pypi.org/simple" }
dependencies = [
    { name = "marshmallow" },
]
sdist = { url = "https://files.pythonhosted.org/packages/8e/8c/ceecdce57dfd37913143087fffd15f38562a94f0d22823e3c66eac0dca31/marshmallow-enum-1.5.1.tar.gz", hash = "sha256:38e697e11f45a8e64b4a1e664000897c659b60aa57bfa18d44e226a9920b6e58", size = 4013, upload-time = "2019-08-21T01:07:46.254Z" }
wheels = [
    { url = "https://files.pythonhosted.org/packages/c6/59/ef3a3dc499be447098d4a89399beb869f813fee1b5a57d5d79dee2c1bf51/marshmallow_enum-1.5.1-py2.py3-none-any.whl", hash = "sha256:57161ab3dbfde4f57adeb12090f39592e992b9c86d206d02f6bd03ebec60f072", size = 4186, upload-time = "2019-08-21T01:07:44.814Z" },
]

[[package]]
name = "mypy-extensions"
version = "1.1.0"
source = { registry = "https://pypi.org/simple" }
sdist = { url = "https://files.pythonhosted.org/packages/a2/6e/371856a3fb9d31ca8dac321cda606860fa4548858c0cc45d9d1d4ca2628b/mypy_extensions-1.1.0.tar.gz", hash = "sha256:52e68efc3284861e772bbcd66823fde5ae21fd2fdb51c62a211403730b916558", size = 6343, upload-time = "2025-04-22T14:54:24.164Z" }
wheels = [
    { url = "https://files.pythonhosted.org/packages/79/7b/2c79738432f5c924bef5071f933bcc9efd0473bac3b4aa584a6f7c1c8df8/mypy_extensions-1.1.0-py3-none-any.whl", hash = "sha256:1be4cccdb0f2482337c4743e60421de3a356cd97508abadd57d47403e94f5505", size = 4963, upload-time = "2025-04-22T14:54:22.983Z" },
]

[[package]]
name = "packaging"
version = "26.2"
source = { registry = "https://pypi.org/simple" }
sdist = { url = "https://files.pythonhosted.org/packages/d7/f1/e7a6dd94a8d4a5626c03e4e99c87f241ba9e350cd9e6d75123f992427270/packaging-26.2.tar.gz", hash = "sha256:ff452ff5a3e828ce110190feff1178bb1f2ea2281fa2075aadb987c2fb221661", size = 228134, upload-time = "2026-04-24T20:15:23.917Z" }
wheels = [
    { url = "https://files.pythonhosted.org/packages/df/b2/87e62e8c3e2f4b32e5fe99e0b86d576da1312593b39f47d8ceef365e95ed/packaging-26.2-py3-none-any.whl", hash = "sha256:5fc45236b9446107ff2415ce77c807cee2862cb6fac22b8a73826d0693b0980e", size = 100195, upload-time = "2026-04-24T20:15:22.081Z" },
]

[[package]]
name = "psutil"
version = "7.2.2"
source = { registry = "https://pypi.org/simple" }
sdist = { url = "https://files.pythonhosted.org/packages/aa/c6/d1ddf4abb55e93cebc4f2ed8b5d6dbad109ecb8d63748dd2b20ab5e57ebe/psutil-7.2.2.tar.gz", hash = "sha256:0746f5f8d406af344fd547f1c8daa5f5c33dbc293bb8d6a16d80b4bb88f59372", size = 493740, upload-time = "2026-01-28T18:14:54.428Z" }
wheels = [
    { url = "https://files.pythonhosted.org/packages/81/69/ef179ab5ca24f32acc1dac0c247fd6a13b501fd5534dbae0e05a1c48b66d/psutil-7.2.2-cp314-cp314t-macosx_10_15_x86_64.whl", hash = "sha256:eed63d3b4d62449571547b60578c5b2c4bcccc5387148db46e0c2313dad0ee00", size = 130664, upload-time = "2026-01-28T18:15:09.469Z" },
    { url = "https://files.pythonhosted.org/packages/7b/64/665248b557a236d3fa9efc378d60d95ef56dd0a490c2cd37dafc7660d4a9/psutil-7.2.2-cp314-cp314t-macosx_11_0_arm64.whl", hash = "sha256:7b6d09433a10592ce39b13d7be5a54fbac1d1228ed29abc880fb23df7cb694c9", size = 131087, upload-time = "2026-01-28T18:15:11.724Z" },
    { url = "https://files.pythonhosted.org/packages/d5/2e/e6782744700d6759ebce3043dcfa661fb61e2fb752b91cdeae9af12c2178/psutil-7.2.2-cp314-cp314t-manylinux2010_x86_64.manylinux_2_12_x86_64.manylinux_2_28_x86_64.whl", hash = "sha256:1fa4ecf83bcdf6e6c8f4449aff98eefb5d0604bf88cb883d7da3d8d2d909546a", size = 182383, upload-time = "2026-01-28T18:15:13.445Z" },
    { url = "https://files.pythonhosted.org/packages/57/49/0a41cefd10cb7505cdc04dab3eacf24c0c2cb158a998b8c7b1d27ee2c1f5/psutil-7.2.2-cp314-cp314t-manylinux2014_aarch64.manylinux_2_17_aarch64.manylinux_2_28_aarch64.whl", hash = "sha256:e452c464a02e7dc7822a05d25db4cde564444a67e58539a00f929c51eddda0cf", size = 185210, upload-time = "2026-01-28T18:15:16.002Z" },
    { url = "https://files.pythonhosted.org/packages/dd/2c/ff9bfb544f283ba5f83ba725a3c5fec6d6b10b8f27ac1dc641c473dc390d/psutil-7.2.2-cp314-cp314t-win_amd64.whl", hash = "sha256:c7663d4e37f13e884d13994247449e9f8f574bc4655d509c3b95e9ec9e2b9dc1", size = 141228, upload-time = "2026-01-28T18:15:18.385Z" },
    { url = "https://files.pythonhosted.org/packages/f2/fc/f8d9c31db14fcec13748d373e668bc3bed94d9077dbc17fb0eebc073233c/psutil-7.2.2-cp314-cp314t-win_arm64.whl", hash = "sha256:11fe5a4f613759764e79c65cf11ebdf26e33d6dd34336f8a337aa2996d71c841", size = 136284, upload-time = "2026-01-28T18:15:19.912Z" },
    { url = "https://files.pythonhosted.org/packages/e7/36/5ee6e05c9bd427237b11b3937ad82bb8ad2752d72c6969314590dd0c2f6e/psutil-7.2.2-cp36-abi3-macosx_10_9_x86_64.whl", hash = "sha256:ed0cace939114f62738d808fdcecd4c869222507e266e574799e9c0faa17d486", size = 129090, upload-time = "2026-01-28T18:15:22.168Z" },
    { url = "https://files.pythonhosted.org/packages/80/c4/f5af4c1ca8c1eeb2e92ccca14ce8effdeec651d5ab6053c589b074eda6e1/psutil-7.2.2-cp36-abi3-macosx_11_0_arm64.whl", hash = "sha256:1a7b04c10f32cc88ab39cbf606e117fd74721c831c98a27dc04578deb0c16979", size = 129859, upload-time = "2026-01-28T18:15:23.795Z" },
    { url = "https://files.pythonhosted.org/packages/b5/70/5d8df3b09e25bce090399cf48e452d25c935ab72dad19406c77f4e828045/psutil-7.2.2-cp36-abi3-manylinux2010_x86_64.manylinux_2_12_x86_64.manylinux_2_28_x86_64.whl", hash = "sha256:076a2d2f923fd4821644f5ba89f059523da90dc9014e85f8e45a5774ca5bc6f9", size = 155560, upload-time = "2026-01-28T18:15:25.976Z" },
    { url = "https://files.pythonhosted.org/packages/63/65/37648c0c158dc222aba51c089eb3bdfa238e621674dc42d48706e639204f/psutil-7.2.2-cp36-abi3-manylinux2014_aarch64.manylinux_2_17_aarch64.manylinux_2_28_aarch64.whl", hash = "sha256:b0726cecd84f9474419d67252add4ac0cd9811b04d61123054b9fb6f57df6e9e", size = 156997, upload-time = "2026-01-28T18:15:27.794Z" },
    { url = "https://files.pythonhosted.org/packages/8e/13/125093eadae863ce03c6ffdbae9929430d116a246ef69866dad94da3bfbc/psutil-7.2.2-cp36-abi3-musllinux_1_2_aarch64.whl", hash = "sha256:fd04ef36b4a6d599bbdb225dd1d3f51e00105f6d48a28f006da7f9822f2606d8", size = 148972, upload-time = "2026-01-28T18:15:29.342Z" },
    { url = "https://files.pythonhosted.org/packages/04/78/0acd37ca84ce3ddffaa92ef0f571e073faa6d8ff1f0559ab1272188ea2be/psutil-7.2.2-cp36-abi3-musllinux_1_2_x86_64.whl", hash = "sha256:b58fabe35e80b264a4e3bb23e6b96f9e45a3df7fb7eed419ac0e5947c61e47cc", size = 148266, upload-time = "2026-01-28T18:15:31.597Z" },
    { url = "https://files.pythonhosted.org/packages/b4/90/e2159492b5426be0c1fef7acba807a03511f97c5f86b3caeda6ad92351a7/psutil-7.2.2-cp37-abi3-win_amd64.whl", hash = "sha256:eb7e81434c8d223ec4a219b5fc1c47d0417b12be7ea866e24fb5ad6e84b3d988", size = 137737, upload-time = "2026-01-28T18:15:33.849Z" },
    { url = "https://files.pythonhosted.org/packages/8c/c7/7bb2e321574b10df20cbde462a94e2b71d05f9bbda251ef27d104668306a/psutil-7.2.2-cp37-abi3-win_arm64.whl", hash = "sha256:8c233660f575a5a89e6d4cb65d9f938126312bca76d8fe087b947b3a1aaac9ee", size = 134617, upload-time = "2026-01-28T18:15:36.514Z" },
]

[[package]]
name = "pygments"
version = "2.20.0"
source = { registry = "https://pypi.org/simple" }
sdist = { url = "https://files.pythonhosted.org/packages/c3/b2/bc9c9196916376152d655522fdcebac55e66de6603a76a02bca1b6414f6c/pygments-2.20.0.tar.gz", hash = "sha256:6757cd03768053ff99f3039c1a36d6c0aa0b263438fcab17520b30a303a82b5f", size = 4955991, upload-time = "2026-03-29T13:29:33.898Z" }
wheels = [
    { url = "https://files.pythonhosted.org/packages/f4/7e/a72dd26f3b0f4f2bf1dd8923c85f7ceb43172af56d63c7383eb62b332364/pygments-2.20.0-py3-none-any.whl", hash = "sha256:81a9e26dd42fd28a23a2d169d86d7ac03b46e2f8b59ed4698fb4785f946d0176", size = 1231151, upload-time = "2026-03-29T13:29:30.038Z" },
]

[[package]]
name = "pyre-check"
version = "0.9.25"
source = { registry = "https://pypi.org/simple" }
dependencies = [
    { name = "click" },
    { name = "dataclasses-json" },
    { name = "libcst" },
    { name = "psutil" },
    { name = "pyre-extensions" },
    { name = "tabulate" },
    { name = "testslide" },
    { name = "tomli" },
    { name = "tomli-w" },
    { name = "typing-extensions" },
    { name = "typing-inspect" },
]
sdist = { url = "https://files.pythonhosted.org/packages/64/75/3aa3f71bb8c5c81cace5d541c81892ceff15467924c46de513817acf012c/pyre-check-0.9.25.tar.gz", hash = "sha256:0ed3288c4907faf8171d64ceed6fc084ea5aba33a7ef6d00d5d57b58a80981b9", size = 21357119, upload-time = "2025-07-07T15:59:18.881Z" }
wheels = [
    { url = "https://files.pythonhosted.org/packages/88/cc/674e7d180706fc64c05e2d51d1941aa6a5b932277054e728b824c3084221/pyre_check-0.9.25-py3-none-macosx_10_11_x86_64.whl", hash = "sha256:99d8f6612c0b15c8fec904cebe54069fd1420e9833bb8ef7c04c5214bbf27dce", size = 22064802, upload-time = "2025-07-07T15:59:16.3Z" },
    { url = "https://files.pythonhosted.org/packages/0c/cf/2edee7a160520b55107a1094050502e230022a9cf0abe46d4b05f829632d/pyre_check-0.9.25-py3-none-manylinux1_x86_64.whl", hash = "sha256:7bcd82c197127e4cad601e4bde62cd3e71abdc13063bb6f8acb72fe19488a07a", size = 45538824, upload-time = "2025-07-07T15:59:13.197Z" },
]

[[package]]
name = "pyre-extensions"
version = "0.0.32"
source = { registry = "https://pypi.org/simple" }
dependencies = [
    { name = "typing-extensions" },
    { name = "typing-inspect" },
]
sdist = { url = "https://files.pythonhosted.org/packages/a7/53/5bc2532536e921c48366ad1047c1344ccef6afa5e84053f0f6e20a453767/pyre_extensions-0.0.32.tar.gz", hash = "sha256:5396715f14ea56c4d5fd0a88c57ca7e44faa468f905909edd7de4ad90ed85e55", size = 10852, upload-time = "2024-11-22T19:26:44.152Z" }
wheels = [
    { url = "https://files.pythonhosted.org/packages/a4/7a/9812cb8be9828ab688203c5ac5f743c60652887f0c00995a6f6f19f912bd/pyre_extensions-0.0.32-py3-none-any.whl", hash = "sha256:a63ba6883ab02f4b1a9f372ed4eb4a2f4c6f3d74879aa2725186fdfcfe3e5c68", size = 12766, upload-time = "2024-11-22T19:26:42.465Z" },
]

[[package]]
name = "pyyaml"
version = "6.0.3"
source = { registry = "https://pypi.org/simple" }
sdist = { url = "https://files.pythonhosted.org/packages/05/8e/961c0007c59b8dd7729d542c61a4d537767a59645b82a0b521206e1e25c2/pyyaml-6.0.3.tar.gz", hash = "sha256:d76623373421df22fb4cf8817020cbb7ef15c725b9d5e45f17e189bfc384190f", size = 130960, upload-time = "2025-09-25T21:33:16.546Z" }
wheels = [
    { url = "https://files.pythonhosted.org/packages/9d/8c/f4bd7f6465179953d3ac9bc44ac1a8a3e6122cf8ada906b4f96c60172d43/pyyaml-6.0.3-cp314-cp314-macosx_10_13_x86_64.whl", hash = "sha256:8d1fab6bb153a416f9aeb4b8763bc0f22a5586065f86f7664fc23339fc1c1fac", size = 181814, upload-time = "2025-09-25T21:32:35.712Z" },
    { url = "https://files.pythonhosted.org/packages/bd/9c/4d95bb87eb2063d20db7b60faa3840c1b18025517ae857371c4dd55a6b3a/pyyaml-6.0.3-cp314-cp314-macosx_11_0_arm64.whl", hash = "sha256:34d5fcd24b8445fadc33f9cf348c1047101756fd760b4dacb5c3e99755703310", size = 173809, upload-time = "2025-09-25T21:32:36.789Z" },
    { url = "https://files.pythonhosted.org/packages/92/b5/47e807c2623074914e29dabd16cbbdd4bf5e9b2db9f8090fa64411fc5382/pyyaml-6.0.3-cp314-cp314-manylinux2014_aarch64.manylinux_2_17_aarch64.manylinux_2_28_aarch64.whl", hash = "sha256:501a031947e3a9025ed4405a168e6ef5ae3126c59f90ce0cd6f2bfc477be31b7", size = 766454, upload-time = "2025-09-25T21:32:37.966Z" },
    { url = "https://files.pythonhosted.org/packages/02/9e/e5e9b168be58564121efb3de6859c452fccde0ab093d8438905899a3a483/pyyaml-6.0.3-cp314-cp314-manylinux2014_s390x.manylinux_2_17_s390x.manylinux_2_28_s390x.whl", hash = "sha256:b3bc83488de33889877a0f2543ade9f70c67d66d9ebb4ac959502e12de895788", size = 836355, upload-time = "2025-09-25T21:32:39.178Z" },
    { url = "https://files.pythonhosted.org/packages/88/f9/16491d7ed2a919954993e48aa941b200f38040928474c9e85ea9e64222c3/pyyaml-6.0.3-cp314-cp314-manylinux2014_x86_64.manylinux_2_17_x86_64.manylinux_2_28_x86_64.whl", hash = "sha256:c458b6d084f9b935061bc36216e8a69a7e293a2f1e68bf956dcd9e6cbcd143f5", size = 794175, upload-time = "2025-09-25T21:32:40.865Z" },
    { url = "https://files.pythonhosted.org/packages/dd/3f/5989debef34dc6397317802b527dbbafb2b4760878a53d4166579111411e/pyyaml-6.0.3-cp314-cp314-musllinux_1_2_aarch64.whl", hash = "sha256:7c6610def4f163542a622a73fb39f534f8c101d690126992300bf3207eab9764", size = 755228, upload-time = "2025-09-25T21:32:42.084Z" },
    { url = "https://files.pythonhosted.org/packages/d7/ce/af88a49043cd2e265be63d083fc75b27b6ed062f5f9fd6cdc223ad62f03e/pyyaml-6.0.3-cp314-cp314-musllinux_1_2_x86_64.whl", hash = "sha256:5190d403f121660ce8d1d2c1bb2ef1bd05b5f68533fc5c2ea899bd15f4399b35", size = 789194, upload-time = "2025-09-25T21:32:43.362Z" },
    { url = "https://files.pythonhosted.org/packages/23/20/bb6982b26a40bb43951265ba29d4c246ef0ff59c9fdcdf0ed04e0687de4d/pyyaml-6.0.3-cp314-cp314-win_amd64.whl", hash = "sha256:4a2e8cebe2ff6ab7d1050ecd59c25d4c8bd7e6f400f5f82b96557ac0abafd0ac", size = 156429, upload-time = "2025-09-25T21:32:57.844Z" },
    { url = "https://files.pythonhosted.org/packages/f4/f4/a4541072bb9422c8a883ab55255f918fa378ecf083f5b85e87fc2b4eda1b/pyyaml-6.0.3-cp314-cp314-win_arm64.whl", hash = "sha256:93dda82c9c22deb0a405ea4dc5f2d0cda384168e466364dec6255b293923b2f3", size = 143912, upload-time = "2025-09-25T21:32:59.247Z" },
    { url = "https://files.pythonhosted.org/packages/7c/f9/07dd09ae774e4616edf6cda684ee78f97777bdd15847253637a6f052a62f/pyyaml-6.0.3-cp314-cp314t-macosx_10_13_x86_64.whl", hash = "sha256:02893d100e99e03eda1c8fd5c441d8c60103fd175728e23e431db1b589cf5ab3", size = 189108, upload-time = "2025-09-25T21:32:44.377Z" },
    { url = "https://files.pythonhosted.org/packages/4e/78/8d08c9fb7ce09ad8c38ad533c1191cf27f7ae1effe5bb9400a46d9437fcf/pyyaml-6.0.3-cp314-cp314t-macosx_11_0_arm64.whl", hash = "sha256:c1ff362665ae507275af2853520967820d9124984e0f7466736aea23d8611fba", size = 183641, upload-time = "2025-09-25T21:32:45.407Z" },
    { url = "https://files.pythonhosted.org/packages/7b/5b/3babb19104a46945cf816d047db2788bcaf8c94527a805610b0289a01c6b/pyyaml-6.0.3-cp314-cp314t-manylinux2014_aarch64.manylinux_2_17_aarch64.manylinux_2_28_aarch64.whl", hash = "sha256:6adc77889b628398debc7b65c073bcb99c4a0237b248cacaf3fe8a557563ef6c", size = 831901, upload-time = "2025-09-25T21:32:48.83Z" },
    { url = "https://files.pythonhosted.org/packages/8b/cc/dff0684d8dc44da4d22a13f35f073d558c268780ce3c6ba1b87055bb0b87/pyyaml-6.0.3-cp314-cp314t-manylinux2014_s390x.manylinux_2_17_s390x.manylinux_2_28_s390x.whl", hash = "sha256:a80cb027f6b349846a3bf6d73b5e95e782175e52f22108cfa17876aaeff93702", size = 861132, upload-time = "2025-09-25T21:32:50.149Z" },
    { url = "https://files.pythonhosted.org/packages/b1/5e/f77dc6b9036943e285ba76b49e118d9ea929885becb0a29ba8a7c75e29fe/pyyaml-6.0.3-cp314-cp314t-manylinux2014_x86_64.manylinux_2_17_x86_64.manylinux_2_28_x86_64.whl", hash = "sha256:00c4bdeba853cc34e7dd471f16b4114f4162dc03e6b7afcc2128711f0eca823c", size = 839261, upload-time = "2025-09-25T21:32:51.808Z" },
    { url = "https://files.pythonhosted.org/packages/ce/88/a9db1376aa2a228197c58b37302f284b5617f56a5d959fd1763fb1675ce6/pyyaml-6.0.3-cp314-cp314t-musllinux_1_2_aarch64.whl", hash = "sha256:66e1674c3ef6f541c35191caae2d429b967b99e02040f5ba928632d9a7f0f065", size = 805272, upload-time = "2025-09-25T21:32:52.941Z" },
    { url = "https://files.pythonhosted.org/packages/da/92/1446574745d74df0c92e6aa4a7b0b3130706a4142b2d1a5869f2eaa423c6/pyyaml-6.0.3-cp314-cp314t-musllinux_1_2_x86_64.whl", hash = "sha256:16249ee61e95f858e83976573de0f5b2893b3677ba71c9dd36b9cf8be9ac6d65", size = 829923, upload-time = "2025-09-25T21:32:54.537Z" },
    { url = "https://files.pythonhosted.org/packages/f0/7a/1c7270340330e575b92f397352af856a8c06f230aa3e76f86b39d01b416a/pyyaml-6.0.3-cp314-cp314t-win_amd64.whl", hash = "sha256:4ad1906908f2f5ae4e5a8ddfce73c320c2a1429ec52eafd27138b7f1cbe341c9", size = 174062, upload-time = "2025-09-25T21:32:55.767Z" },
    { url = "https://files.pythonhosted.org/packages/f1/12/de94a39c2ef588c7e6455cfbe7343d3b2dc9d6b6b2f40c4c6565744c873d/pyyaml-6.0.3-cp314-cp314t-win_arm64.whl", hash = "sha256:ebc55a14a21cb14062aa4162f906cd962b28e2e9ea38f9b4391244cd8de4ae0b", size = 149341, upload-time = "2025-09-25T21:32:56.828Z" },
]

[[package]]
name = "ruff"
version = "0.16.1"
source = { registry = "https://pypi.org/simple" }
sdist = { url = "https://files.pythonhosted.org/packages/70/25/7113f6d5498888c5fb7db34081cba7d5971c4cb1bfb26819966eee68f003/ruff-0.16.1.tar.gz", hash = "sha256:fedad7c801dabd3fb9741d76aca39246e6ddd9ca446a015875207bf19f1e6bc7", size = 4877500, upload-time = "2026-07-30T19:37:01.379Z" }
wheels = [
    { url = "https://files.pythonhosted.org/packages/1b/bd/694da69368e0973de65df2ddc73ab18d43c469d5963d9b150911de6bc513/ruff-0.16.1-py3-none-linux_armv6l.whl", hash = "sha256:58edb313b88f0c5460a26adf5f39a37a3be789494a15e3e411e35fa78b89f9a0", size = 10839126, upload-time = "2026-07-30T19:36:13.697Z" },
    { url = "https://files.pythonhosted.org/packages/3f/f0/b626e5d5bd0dd9576263658ef12885e2288afd1029a48e26ffed65ec1ac1/ruff-0.16.1-py3-none-macosx_10_12_x86_64.whl", hash = "sha256:fde5a99e2f97479af66edd6622c6d5a2a7592c77cf4153d9e4428f5eeb55b60c", size = 11070253, upload-time = "2026-07-30T19:36:17.14Z" },
    { url = "https://files.pythonhosted.org/packages/83/63/f40acfb6b35b88623e71684942b552c3edd96035f5d98f313815f7b277de/ruff-0.16.1-py3-none-macosx_11_0_arm64.whl", hash = "sha256:e0d4c20532fca4f7fa609369161d968dd28f65d83dabbd61d8e9c7edbf7001f6", size = 10561425, upload-time = "2026-07-30T19:36:20.04Z" },
    { url = "https://files.pythonhosted.org/packages/aa/dd/14ec0e9c2b4d315547dd38765004b4863e354e1b52cb308272215d9f6f6d/ruff-0.16.1-py3-none-manylinux_2_17_aarch64.manylinux2014_aarch64.whl", hash = "sha256:30affbcedf59ad5703d9c91f82266e02b47739f797e1a7b6e158e5526a6dae38", size = 10948879, upload-time = "2026-07-30T19:36:22.476Z" },
    { url = "https://files.pythonhosted.org/packages/33/e9/9d870cbae575030fdef595f04b4b97573c525b5497cce4f4498cf2f85446/ruff-0.16.1-py3-none-manylinux_2_17_armv7l.manylinux2014_armv7l.whl", hash = "sha256:24e9c631573cbca9d20f1283f8f479b2afa4a8503504822bd71a293889f16743", size = 10643691, upload-time = "2026-07-30T19:36:24.914Z" },
    { url = "https://files.pythonhosted.org/packages/c4/09/12743d544e2173f53ecd27217c65f90d2bc0f8424a66a60339e56bbc0457/ruff-0.16.1-py3-none-manylinux_2_17_i686.manylinux2014_i686.whl", hash = "sha256:b41bdd48fb420987a9b5212e4957c26ad4abce401fa9ea9d4d85843727945f4f", size = 11435354, upload-time = "2026-07-30T19:36:28.447Z" },
    { url = "https://files.pythonhosted.org/packages/7f/89/a1652b2daee52083c9554a6333b678a8b01d0400f976827bb87857f9449a/ruff-0.16.1-py3-none-manylinux_2_17_ppc64le.manylinux2014_ppc64le.whl", hash = "sha256:b0d1e1393b7648079e13669de1c1f4fde06d4583e84d8fd5c1551e0a77a2aa75", size = 12259033, upload-time = "2026-07-30T19:36:31.326Z" },
    { url = "https://files.pythonhosted.org/packages/16/96/ecdcb8c54ee7b123b487f807eb014e6e019155a0b81dfb669acd52f28ce3/ruff-0.16.1-py3-none-manylinux_2_17_s390x.manylinux2014_s390x.whl", hash = "sha256:07bf434b1c95f4e093be4532068ef4fcf00924eb2ade8796075980902d6fd54a", size = 11667981, upload-time = "2026-07-30T19:36:34.394Z" },
    { url = "https://files.pythonhosted.org/packages/cd/90/c52e12e0d862e9572f2a33aa227409143520abe53111e9a6babbac7b4af8/ruff-0.16.1-py3-none-manylinux_2_17_x86_64.manylinux2014_x86_64.whl", hash = "sha256:39897739f112253ee4fdd2e8aa9a4f9ded99fb2be367d5f31dfa4ded6025584c", size = 11468183, upload-time = "2026-07-30T19:36:37.339Z" },
    { url = "https://files.pythonhosted.org/packages/2c/6b/4ffb7ad1d83eb16cf8cbb3c8815d3f11c88460fd162d4b372a2059be1c2a/ruff-0.16.1-py3-none-manylinux_2_31_riscv64.whl", hash = "sha256:82ae3c0c0d74daf17b968a10b7b3bb3ef297ab7de0c1f749646b25e690ccb150", size = 11470071, upload-time = "2026-07-30T19:36:39.91Z" },
    { url = "https://files.pythonhosted.org/packages/9c/72/32ae7db4c0b5e32ab611787caa19d1546800676d79f7483b7100a3561bf4/ruff-0.16.1-py3-none-musllinux_1_2_aarch64.whl", hash = "sha256:4d5f2ed10f8242d83fc08d521301089364e3375375705356f20c0e31606ef3ef", size = 10919503, upload-time = "2026-07-30T19:36:42.65Z" },
    { url = "https://files.pythonhosted.org/packages/f7/ca/3d901ba6ad6fc38da39c3448fc6c59ac945679293a17c3ceb6d6c1cba13e/ruff-0.16.1-py3-none-musllinux_1_2_armv7l.whl", hash = "sha256:a4665b309891f83f3e3c25447935f1213e9abbd4b5640af7a1f2def9f8d413c1", size = 10649861, upload-time = "2026-07-30T19:36:45.18Z" },
    { url = "https://files.pythonhosted.org/packages/92/79/894ef1ced26552d5f8c9cf6d85b0687840e1128c55aeab7b9c2d54a0d880/ruff-0.16.1-py3-none-musllinux_1_2_i686.whl", hash = "sha256:26e9ca5c9bc3971f20d3cf18a957f52ffd6a5f6564ff15c4912a144dcac22494", size = 11148137, upload-time = "2026-07-30T19:36:47.936Z" },
    { url = "https://files.pythonhosted.org/packages/2d/69/3609a09fa1cb46cc28b762363e440a354204e5dff01bd0c8d7437874d6b9/ruff-0.16.1-py3-none-musllinux_1_2_x86_64.whl", hash = "sha256:67e1e1e3fa4f0c82f0e36d4cd61e661f6e7a6196cb1aa92fe0828fa7b8f257cd", size = 11559211, upload-time = "2026-07-30T19:36:50.448Z" },
    { url = "https://files.pythonhosted.org/packages/fc/8a/fb22af2fd78a736e241fabf67e30ce1799a64244026377a49e133af90762/ruff-0.16.1-py3-none-win32.whl", hash = "sha256:d31765e131295b8445caf301e3e8a85b34d1b9b211b4109b7ba457888b051806", size = 10838258, upload-time = "2026-07-30T19:36:53.298Z" },
    { url = "https://files.pythonhosted.org/packages/d4/35/e57fd9fb5d423961df087a00b12d42c0a830288dc2f3b45ecca299158b4f/ruff-0.16.1-py3-none-win_amd64.whl", hash = "sha256:09b05e8b90c2cb06ad63464350e7a45e8e44a2dfe52072ebfba6666ca8d3f596", size = 11961111, upload-time = "2026-07-30T19:36:56.107Z" },
    { url = "https://files.pythonhosted.org/packages/cb/46/240ea004bf6dc4feb40e9832f2205a476a47dd5b8a3f8211a5fc5f95e20e/ruff-0.16.1-py3-none-win_arm64.whl", hash = "sha256:dbaadaac38c70239f056d306b7476f246b0bf000fa6b3876402acbf5b227eaf8", size = 11309414, upload-time = "2026-07-30T19:36:58.79Z" },
]

[[package]]
name = "tabulate"
version = "0.10.0"
source = { registry = "https://pypi.org/simple" }
sdist = { url = "https://files.pythonhosted.org/packages/46/58/8c37dea7bbf769b20d58e7ace7e5edfe65b849442b00ffcdd56be88697c6/tabulate-0.10.0.tar.gz", hash = "sha256:e2cfde8f79420f6deeffdeda9aaec3b6bc5abce947655d17ac662b126e48a60d", size = 91754, upload-time = "2026-03-04T18:55:34.402Z" }
wheels = [
    { url = "https://files.pythonhosted.org/packages/99/55/db07de81b5c630da5cbf5c7df646580ca26dfaefa593667fc6f2fe016d2e/tabulate-0.10.0-py3-none-any.whl", hash = "sha256:f0b0622e567335c8fabaaa659f1b33bcb6ddfe2e496071b743aa113f8774f2d3", size = 39814, upload-time = "2026-03-04T18:55:31.284Z" },
]

[[package]]
name = "testslide"
version = "2.7.1"
source = { registry = "https://pypi.org/simple" }
dependencies = [
    { name = "psutil" },
    { name = "pygments" },
    { name = "typeguard" },
]
sdist = { url = "https://files.pythonhosted.org/packages/ee/6f/c8d6d60a597c693559dab3b3362bd01e2212530e9a163eb0164af81e1ec1/TestSlide-2.7.1.tar.gz", hash = "sha256:d25890d5c383f673fac44a5f9e2561b7118d04f29f2c2b3d4f549e6db94cb34d", size = 50255, upload-time = "2023-03-16T14:09:41.204Z" }

[[package]]
name = "tomli"
version = "2.4.1"
source = { registry = "https://pypi.org/simple" }
sdist = { url = "https://files.pythonhosted.org/packages/22/de/48c59722572767841493b26183a0d1cc411d54fd759c5607c4590b6563a6/tomli-2.4.1.tar.gz", hash = "sha256:7c7e1a961a0b2f2472c1ac5b69affa0ae1132c39adcb67aba98568702b9cc23f", size = 17543, upload-time = "2026-03-25T20:22:03.828Z" }
wheels = [
    { url = "https://files.pythonhosted.org/packages/3c/fb/9a5c8d27dbab540869f7c1f8eb0abb3244189ce780ba9cd73f3770662072/tomli-2.4.1-cp314-cp314-macosx_10_15_x86_64.whl", hash = "sha256:fd0409a3653af6c147209d267a0e4243f0ae46b011aa978b1080359fddc9b6cf", size = 155726, upload-time = "2026-03-25T20:21:42.23Z" },
    { url = "https://files.pythonhosted.org/packages/62/05/d2f816630cc771ad836af54f5001f47a6f611d2d39535364f148b6a92d6b/tomli-2.4.1-cp314-cp314-macosx_11_0_arm64.whl", hash = "sha256:a120733b01c45e9a0c34aeef92bf0cf1d56cfe81ed9d47d562f9ed591a9828ac", size = 149859, upload-time = "2026-03-25T20:21:43.386Z" },
    { url = "https://files.pythonhosted.org/packages/ce/48/66341bdb858ad9bd0ceab5a86f90eddab127cf8b046418009f2125630ecb/tomli-2.4.1-cp314-cp314-manylinux2014_aarch64.manylinux_2_17_aarch64.manylinux_2_28_aarch64.whl", hash = "sha256:559db847dc486944896521f68d8190be1c9e719fced785720d2216fe7022b662", size = 244713, upload-time = "2026-03-25T20:21:44.474Z" },
    { url = "https://files.pythonhosted.org/packages/df/6d/c5fad00d82b3c7a3ab6189bd4b10e60466f22cfe8a08a9394185c8a8111c/tomli-2.4.1-cp314-cp314-manylinux2014_x86_64.manylinux_2_17_x86_64.manylinux_2_28_x86_64.whl", hash = "sha256:01f520d4f53ef97964a240a035ec2a869fe1a37dde002b57ebc4417a27ccd853", size = 252084, upload-time = "2026-03-25T20:21:45.62Z" },
    { url = "https://files.pythonhosted.org/packages/00/71/3a69e86f3eafe8c7a59d008d245888051005bd657760e96d5fbfb0b740c2/tomli-2.4.1-cp314-cp314-musllinux_1_2_aarch64.whl", hash = "sha256:7f94b27a62cfad8496c8d2513e1a222dd446f095fca8987fceef261225538a15", size = 247973, upload-time = "2026-03-25T20:21:46.937Z" },
    { url = "https://files.pythonhosted.org/packages/67/50/361e986652847fec4bd5e4a0208752fbe64689c603c7ae5ea7cb16b1c0ca/tomli-2.4.1-cp314-cp314-musllinux_1_2_x86_64.whl", hash = "sha256:ede3e6487c5ef5d28634ba3f31f989030ad6af71edfb0055cbbd14189ff240ba", size = 256223, upload-time = "2026-03-25T20:21:48.467Z" },
    { url = "https://files.pythonhosted.org/packages/8c/9a/b4173689a9203472e5467217e0154b00e260621caa227b6fa01feab16998/tomli-2.4.1-cp314-cp314-win32.whl", hash = "sha256:3d48a93ee1c9b79c04bb38772ee1b64dcf18ff43085896ea460ca8dec96f35f6", size = 98973, upload-time = "2026-03-25T20:21:49.526Z" },
    { url = "https://files.pythonhosted.org/packages/14/58/640ac93bf230cd27d002462c9af0d837779f8773bc03dee06b5835208214/tomli-2.4.1-cp314-cp314-win_amd64.whl", hash = "sha256:88dceee75c2c63af144e456745e10101eb67361050196b0b6af5d717254dddf7", size = 109082, upload-time = "2026-03-25T20:21:50.506Z" },
    { url = "https://files.pythonhosted.org/packages/d5/2f/702d5e05b227401c1068f0d386d79a589bb12bf64c3d2c72ce0631e3bc49/tomli-2.4.1-cp314-cp314-win_arm64.whl", hash = "sha256:b8c198f8c1805dc42708689ed6864951fd2494f924149d3e4bce7710f8eb5232", size = 96490, upload-time = "2026-03-25T20:21:51.474Z" },
    { url = "https://files.pythonhosted.org/packages/45/4b/b877b05c8ba62927d9865dd980e34a755de541eb65fffba52b4cc495d4d2/tomli-2.4.1-cp314-cp314t-macosx_10_15_x86_64.whl", hash = "sha256:d4d8fe59808a54658fcc0160ecfb1b30f9089906c50b23bcb4c69eddc19ec2b4", size = 164263, upload-time = "2026-03-25T20:21:52.543Z" },
    { url = "https://files.pythonhosted.org/packages/24/79/6ab420d37a270b89f7195dec5448f79400d9e9c1826df982f3f8e97b24fd/tomli-2.4.1-cp314-cp314t-macosx_11_0_arm64.whl", hash = "sha256:7008df2e7655c495dd12d2a4ad038ff878d4ca4b81fccaf82b714e07eae4402c", size = 160736, upload-time = "2026-03-25T20:21:53.674Z" },
    { url = "https://files.pythonhosted.org/packages/02/e0/3630057d8eb170310785723ed5adcdfb7d50cb7e6455f85ba8a3deed642b/tomli-2.4.1-cp314-cp314t-manylinux2014_aarch64.manylinux_2_17_aarch64.manylinux_2_28_aarch64.whl", hash = "sha256:1d8591993e228b0c930c4bb0db464bdad97b3289fb981255d6c9a41aedc84b2d", size = 270717, upload-time = "2026-03-25T20:21:55.129Z" },
    { url = "https://files.pythonhosted.org/packages/7a/b4/1613716072e544d1a7891f548d8f9ec6ce2faf42ca65acae01d76ea06bb0/tomli-2.4.1-cp314-cp314t-manylinux2014_x86_64.manylinux_2_17_x86_64.manylinux_2_28_x86_64.whl", hash = "sha256:734e20b57ba95624ecf1841e72b53f6e186355e216e5412de414e3c51e5e3c41", size = 278461, upload-time = "2026-03-25T20:21:56.228Z" },
    { url = "https://files.pythonhosted.org/packages/05/38/30f541baf6a3f6df77b3df16b01ba319221389e2da59427e221ef417ac0c/tomli-2.4.1-cp314-cp314t-musllinux_1_2_aarch64.whl", hash = "sha256:8a650c2dbafa08d42e51ba0b62740dae4ecb9338eefa093aa5c78ceb546fcd5c", size = 274855, upload-time = "2026-03-25T20:21:57.653Z" },
    { url = "https://files.pythonhosted.org/packages/77/a3/ec9dd4fd2c38e98de34223b995a3b34813e6bdadf86c75314c928350ed14/tomli-2.4.1-cp314-cp314t-musllinux_1_2_x86_64.whl", hash = "sha256:504aa796fe0569bb43171066009ead363de03675276d2d121ac1a4572397870f", size = 283144, upload-time = "2026-03-25T20:21:59.089Z" },
    { url = "https://files.pythonhosted.org/packages/ef/be/605a6261cac79fba2ec0c9827e986e00323a1945700969b8ee0b30d85453/tomli-2.4.1-cp314-cp314t-win32.whl", hash = "sha256:b1d22e6e9387bf4739fbe23bfa80e93f6b0373a7f1b96c6227c32bef95a4d7a8", size = 108683, upload-time = "2026-03-25T20:22:00.214Z" },
    { url = "https://files.pythonhosted.org/packages/12/64/da524626d3b9cc40c168a13da8335fe1c51be12c0a63685cc6db7308daae/tomli-2.4.1-cp314-cp314t-win_amd64.whl", hash = "sha256:2c1c351919aca02858f740c6d33adea0c5deea37f9ecca1cc1ef9e884a619d26", size = 121196, upload-time = "2026-03-25T20:22:01.169Z" },
    { url = "https://files.pythonhosted.org/packages/5a/cd/e80b62269fc78fc36c9af5a6b89c835baa8af28ff5ad28c7028d60860320/tomli-2.4.1-cp314-cp314t-win_arm64.whl", hash = "sha256:eab21f45c7f66c13f2a9e0e1535309cee140182a9cdae1e041d02e47291e8396", size = 100393, upload-time = "2026-03-25T20:22:02.137Z" },
    { url = "https://files.pythonhosted.org/packages/7b/61/cceae43728b7de99d9b847560c262873a1f6c98202171fd5ed62640b494b/tomli-2.4.1-py3-none-any.whl", hash = "sha256:0d85819802132122da43cb86656f8d1f8c6587d54ae7dcaf30e90533028b49fe", size = 14583, upload-time = "2026-03-25T20:22:03.012Z" },
]

[[package]]
name = "tomli-w"
version = "1.2.0"
source = { registry = "https://pypi.org/simple" }
sdist = { url = "https://files.pythonhosted.org/packages/19/75/241269d1da26b624c0d5e110e8149093c759b7a286138f4efd61a60e75fe/tomli_w-1.2.0.tar.gz", hash = "sha256:2dd14fac5a47c27be9cd4c976af5a12d87fb1f0b4512f81d69cce3b35ae25021", size = 7184, upload-time = "2025-01-15T12:07:24.262Z" }
wheels = [
    { url = "https://files.pythonhosted.org/packages/c7/18/c86eb8e0202e32dd3df50d43d7ff9854f8e0603945ff398974c1d91ac1ef/tomli_w-1.2.0-py3-none-any.whl", hash = "sha256:188306098d013b691fcadc011abd66727d3c414c571bb01b1a174ba8c983cf90", size = 6675, upload-time = "2025-01-15T12:07:22.074Z" },
]

[[package]]
name = "ty"
version = "0.0.69"
source = { registry = "https://pypi.org/simple" }
sdist = { url = "https://files.pythonhosted.org/packages/8e/5b/7a618632dfe9373b7df572ecd7a08c8f799d772fbc317da82dd3aa363207/ty-0.0.69.tar.gz", hash = "sha256:b65106e9ff24fa76e25e1142fb09c85244e815c40450e3021d2bf652c231bb43", size = 6565094, upload-time = "2026-08-06T10:04:25.667Z" }
wheels = [
    { url = "https://files.pythonhosted.org/packages/06/60/6534092f4d2c15e2491807edd609c2e50d527c1fed957acf40b9f110b64a/ty-0.0.69-py3-none-linux_armv6l.whl", hash = "sha256:98bfd383b273540829af673e7f98b9c1c4bcc8547d12a1a3806cd0bec7f0e087", size = 12364185, upload-time = "2026-08-06T10:03:47.137Z" },
    { url = "https://files.pythonhosted.org/packages/34/2b/5c29689bd4f74c2e3394d983d85e4011b629f2ce3730c9442553b8554bf8/ty-0.0.69-py3-none-macosx_10_12_x86_64.whl", hash = "sha256:964621ddd05771660017c51b4e74078d861d9fc863c21ef2a500db1ab62c9ccf", size = 12042510, upload-time = "2026-08-06T10:03:49.481Z" },
    { url = "https://files.pythonhosted.org/packages/09/46/fa085bde4d23516d7ef14b24736fc5dd7dc498f60f52b3d077e59ffdea20/ty-0.0.69-py3-none-macosx_11_0_arm64.whl", hash = "sha256:3ffea4048dd0da4c9c97393b4be0901098a9065b06fa81be2477cbde65d8a151", size = 11549397, upload-time = "2026-08-06T10:03:51.747Z" },
    { url = "https://files.pythonhosted.org/packages/25/cc/97b9efb2061dcab6fef1e94a4ad99df0bb45bd2cc15d4f5794c787ee0552/ty-0.0.69-py3-none-manylinux_2_17_aarch64.manylinux2014_aarch64.whl", hash = "sha256:a8684d4a70aadd1eab0f41bdba835e3288ef49db8402a8e6ca81bab52ed5d610", size = 12115567, upload-time = "2026-08-06T10:03:53.79Z" },
    { url = "https://files.pythonhosted.org/packages/e0/c1/a5e0404965093835f3e62544e661784ec0aa8ef0b006ed50af50b19c107e/ty-0.0.69-py3-none-manylinux_2_17_armv7l.manylinux2014_armv7l.whl", hash = "sha256:afaaba240ab4122e2069a796836d10be81b4ddb053ae268b3dff962a0b4ca5c7", size = 12149770, upload-time = "2026-08-06T10:03:55.993Z" },
    { url = "https://files.pythonhosted.org/packages/e2/39/8cad6b205a4abe8a044ca0c84aea71e8ccda29b07a75a5f090e310605580/ty-0.0.69-py3-none-manylinux_2_17_i686.manylinux2014_i686.whl", hash = "sha256:11ea63ef07d4e33aeb1a775cf5f2c736b3ed22fa6f8b1b608591612c36795044", size = 12941278, upload-time = "2026-08-06T10:03:58.324Z" },
    { url = "https://files.pythonhosted.org/packages/d6/8b/8766d96b732c2a060d70dc8ccafcc4d6a54109a2a95f1deb0705de88892b/ty-0.0.69-py3-none-manylinux_2_17_ppc64le.manylinux2014_ppc64le.whl", hash = "sha256:cb3730b1268e92a2907d7aea3afe8dd1b360ae65862f0557080cf479d481b424", size = 13426509, upload-time = "2026-08-06T10:04:00.621Z" },
    { url = "https://files.pythonhosted.org/packages/02/1f/e991b2cde953ea5b94d6a9a4c45c87937bd916bc09235f764407bf471c0a/ty-0.0.69-py3-none-manylinux_2_17_s390x.manylinux2014_s390x.whl", hash = "sha256:a544ff57a752ef186ed40b5a2f44c17402af4cdefeb74a311ca02ebd57c4fca0", size = 13106582, upload-time = "2026-08-06T10:04:02.818Z" },
    { url = "https://files.pythonhosted.org/packages/ea/bb/73538f1b99e3558fd9db87b98698426f0f60fc8666da0b1efd0e70e275eb/ty-0.0.69-py3-none-manylinux_2_17_x86_64.manylinux2014_x86_64.whl", hash = "sha256:87ed2cbca20caddfdf8e3e14d213ce91b67e75feed78900f4aaf3ef884954028", size = 12708931, upload-time = "2026-08-06T10:04:05.233Z" },
    { url = "https://files.pythonhosted.org/packages/87/cd/484a5208d74c4ad1155933906295ccdce9aa81a257d8df2ab9e41bd60133/ty-0.0.69-py3-none-manylinux_2_31_riscv64.whl", hash = "sha256:2684efcbce5b6fe45045faf610b377b50781b6d2aa7e61ea23ecf5b3d2bce421", size = 12985322, upload-time = "2026-08-06T10:04:07.587Z" },
    { url = "https://files.pythonhosted.org/packages/6e/81/b75003f0d4da9ab3bc8fd4f4802f836cb9921ff7e70f460604f7b769a0b5/ty-0.0.69-py3-none-musllinux_1_2_aarch64.whl", hash = "sha256:da9aeb26fdac1d2214937542b59e0d4d1ba94ec7a3f45444f33c846de1eb1d63", size = 12063910, upload-time = "2026-08-06T10:04:09.835Z" },
    { url = "https://files.pythonhosted.org/packages/8a/76/088469f547ef63dceefc4a75826aedee5014f9371dc5171cde931896a82c/ty-0.0.69-py3-none-musllinux_1_2_armv7l.whl", hash = "sha256:00e7677cd14ede381f705f71104ea7b8ea0ce217a8634e19a89781953de0e9ad", size = 12166823, upload-time = "2026-08-06T10:04:12.114Z" },
    { url = "https://files.pythonhosted.org/packages/0a/c9/ce88a0bec0d46d8ae180b99c6ec014866fecc4cba1727b5feec8877b2765/ty-0.0.69-py3-none-musllinux_1_2_i686.whl", hash = "sha256:d91965eb799649833d0d6042db09cd03d15289125245337cc46a2606effb7bda", size = 12483136, upload-time = "2026-08-06T10:04:14.33Z" },
    { url = "https://files.pythonhosted.org/packages/63/9e/6fae0ff225a0012642cf72c077e20f8f448c0a80771bc3360e8178fe2f32/ty-0.0.69-py3-none-musllinux_1_2_x86_64.whl", hash = "sha256:1f03359cd8e5c412aa0c181118fa9b9061a4dddaedbb61bac0a424fb0814d402", size = 12799025, upload-time = "2026-08-06T10:04:16.445Z" },
    { url = "https://files.pythonhosted.org/packages/e4/43/78a658d18b2a4ccf35b053392f2213bf12e3c63b2abea512d3b6751d1f4c/ty-0.0.69-py3-none-win32.whl", hash = "sha256:ec460e01586b1eb91894c4a8403bee3e045a47e7a4ada943cc27ce8e348e88cf", size = 11787774, upload-time = "2026-08-06T10:04:18.622Z" },
    { url = "https://files.pythonhosted.org/packages/3a/5e/88db1f674403f2b81316a853a44a81ed220621fa96f8f7ae586fb6ca7513/ty-0.0.69-py3-none-win_amd64.whl", hash = "sha256:18976ca26a4e28fc3249477f79a695d5502e670803f2e080d89ac905baef3c6e", size = 12864038, upload-time = "2026-08-06T10:04:20.748Z" },
    { url = "https://files.pythonhosted.org/packages/4d/7b/6fc6efd00c69103d70f2bdbe824343089cd70b17b3079170057d3e5a3ac0/ty-0.0.69-py3-none-win_arm64.whl", hash = "sha256:7d4ca3bb74d91cb9947ba3f3b4cb131ad6a2b3ecc76d34040c4ec6092d2e411d", size = 12196693, upload-time = "2026-08-06T10:04:22.902Z" },
]

[[package]]
name = "typeguard"
version = "2.13.3"
source = { registry = "https://pypi.org/simple" }
sdist = { url = "https://files.pythonhosted.org/packages/3a/38/c61bfcf62a7b572b5e9363a802ff92559cb427ee963048e1442e3aef7490/typeguard-2.13.3.tar.gz", hash = "sha256:00edaa8da3a133674796cf5ea87d9f4b4c367d77476e185e80251cc13dfbb8c4", size = 40604, upload-time = "2021-12-10T21:09:39.158Z" }
wheels = [
    { url = "https://files.pythonhosted.org/packages/9a/bb/d43e5c75054e53efce310e79d63df0ac3f25e34c926be5dffb7d283fb2a8/typeguard-2.13.3-py3-none-any.whl", hash = "sha256:5e3e3be01e887e7eafae5af63d1f36c849aaa94e3a0112097312aabfa16284f1", size = 17605, upload-time = "2021-12-10T21:09:37.844Z" },
]

[[package]]
name = "typing-extensions"
version = "4.16.0"
source = { registry = "https://pypi.org/simple" }
sdist = { url = "https://files.pythonhosted.org/packages/f6/cc/6253133b5bb138fc3306cebfbda2c520f545d36b5be2c7255cc528bb45d6/typing_extensions-4.16.0.tar.gz", hash = "sha256:dc983d19a509c94dba722ee6abd33940f7c05a89e243c47e907eb4db6f1a43e5", size = 113555, upload-time = "2026-07-02T08:40:05.92Z" }
wheels = [
    { url = "https://files.pythonhosted.org/packages/49/d3/b8441a820a491ddfc024b0b0cf0393375b75ea13866d9c66727e54c2fc80/typing_extensions-4.16.0-py3-none-any.whl", hash = "sha256:481caa481374e813c1b176ada14e97f1f67a4539ce9cfeb3f350d78d6370c2e8", size = 45571, upload-time = "2026-07-02T08:40:04.659Z" },
]

[[package]]
name = "typing-inspect"
version = "0.9.0"
source = { registry = "https://pypi.org/simple" }
dependencies = [
    { name = "mypy-extensions" },
    { name = "typing-extensions" },
]
sdist = { url = "https://files.pythonhosted.org/packages/dc/74/1789779d91f1961fa9438e9a8710cdae6bd138c80d7303996933d117264a/typing_inspect-0.9.0.tar.gz", hash = "sha256:b23fc42ff6f6ef6954e4852c1fb512cdd18dbea03134f91f856a95ccc9461f78", size = 13825, upload-time = "2023-05-24T20:25:47.612Z" }
wheels = [
    { url = "https://files.pythonhosted.org/packages/65/f3/107a22063bf27bdccf2024833d3445f4eea42b2e598abfbd46f6a63b6cb0/typing_inspect-0.9.0-py3-none-any.whl", hash = "sha256:9ee6fc59062311ef8547596ab6b955e1b8aa46242d854bfc78f4f6b0eff35f9f", size = 8827, upload-time = "2023-05-24T20:25:45.287Z" },
]
